
Microsoft Visual Studio Solution File, Format Version 11.00
# Visual Studio 2010
Project("{FAE04EC0-301F-11D3-BF4B-00C04F79EFBC}") = "Assembly-CSharp", "Assembly-CSharp.csproj", "{8C9384C1-57E2-2C68-ACF2-1AE8AF986EE3}"
EndProject
Project("{FAE04EC0-301F-11D3-BF4B-00C04F79EFBC}") = "Assembly-CSharp-Editor", "Assembly-CSharp-Editor.csproj", "{D269651E-7108-9803-5D4A-F9CDB3301847}"
EndProject
Global
	GlobalSection(SolutionConfigurationPlatforms) = preSolution
		Debug|Any CPU = Debug|Any CPU
		Release|Any CPU = Release|Any CPU
	EndGlobalSection
	GlobalSection(ProjectConfigurationPlatforms) = postSolution
		{8C9384C1-57E2-2C68-ACF2-1AE8AF986EE3}.Debug|Any CPU.ActiveCfg = Debug|Any CPU
		{8C9384C1-57E2-2C68-ACF2-1AE8AF986EE3}.Debug|Any CPU.Build.0 = Debug|Any CPU
		{8C9384C1-57E2-2C68-ACF2-1AE8AF986EE3}.Release|Any CPU.ActiveCfg = Release|Any CPU
		{8C9384C1-57E2-2C68-ACF2-1AE8AF986EE3}.Release|Any CPU.Build.0 = Release|Any CPU
		{D269651E-7108-9803-5D4A-F9CDB3301847}.Debug|Any CPU.ActiveCfg = Debug|Any CPU
		{D269651E-7108-9803-5D4A-F9CDB3301847}.Debug|Any CPU.Build.0 = Debug|Any CPU
		{D269651E-7108-9803-5D4A-F9CDB3301847}.Release|Any CPU.ActiveCfg = Release|Any CPU
		{D269651E-7108-9803-5D4A-F9CDB3301847}.Release|Any CPU.Build.0 = Release|Any CPU
	EndGlobalSection
	GlobalSection(SolutionProperties) = preSolution
		HideSolutionNode = FALSE
	EndGlobalSection
	GlobalSection(MonoDevelopProperties) = preSolution
		StartupItem = Assembly-CSharp.csproj
	EndGlobalSection
EndGlobal
